// !$*UTF8*$!
{
	archiveVersion = 1;
	classes = {
	};
	objectVersion = 46;
	objects = {

/* Begin PBXBuildFile section */
		00BE61CB187A7D6E001537B8 /* Foundation.framework in Frameworks */ = {isa = PBXBuildFile; fileRef = 00BE61CA187A7D6E001537B8 /* Foundation.framework */; };
		00BE61CD187A7D6E001537B8 /* CoreGraphics.framework in Frameworks */ = {isa = PBXBuildFile; fileRef = 00BE61CC187A7D6E001537B8 /* CoreGraphics.framework */; };
		00BE61CF187A7D6E001537B8 /* UIKit.framework in Frameworks */ = {isa = PBXBuildFile; fileRef = 00BE61CE187A7D6E001537B8 /* UIKit.framework */; };
		00BE61D5187A7D6E001537B8 /* InfoPlist.strings in Resources */ = {isa = PBXBuildFile; fileRef = 00BE61D3187A7D6E001537B8 /* InfoPlist.strings */; };
		00BE61D7187A7D6E001537B8 /* main.m in Sources */ = {isa = PBXBuildFile; fileRef = 00BE61D6187A7D6E001537B8 /* main.m */; };
		00BE61DB187A7D6E001537B8 /* AppDelegate.m in Sources */ = {isa = PBXBuildFile; fileRef = 00BE61DA187A7D6E001537B8 /* AppDelegate.m */; };
		00BE61DE187A7D6E001537B8 /* Main.storyboard in Resources */ = {isa = PBXBuildFile; fileRef = 00BE61DC187A7D6E001537B8 /* Main.storyboard */; };
		00BE61E1187A7D6E001537B8 /* ViewController.m in Sources */ = {isa = PBXBuildFile; fileRef = 00BE61E0187A7D6E001537B8 /* ViewController.m */; };
		00BE61E3187A7D6E001537B8 /* Images.xcassets in Resources */ = {isa = PBXBuildFile; fileRef = 00BE61E2187A7D6E001537B8 /* Images.xcassets */; };
		00BE61EA187A7D6E001537B8 /* XCTest.framework in Frameworks */ = {isa = PBXBuildFile; fileRef = 00BE61E9187A7D6E001537B8 /* XCTest.framework */; };
		00BE61EB187A7D6E001537B8 /* Foundation.framework in Frameworks */ = {isa = PBXBuildFile; fileRef = 00BE61CA187A7D6E001537B8 /* Foundation.framework */; };
		00BE61EC187A7D6E001537B8 /* UIKit.framework in Frameworks */ = {isa = PBXBuildFile; fileRef = 00BE61CE187A7D6E001537B8 /* UIKit.framework */; };
		00BE61F4187A7D6E001537B8 /* InfoPlist.strings in Resources */ = {isa = PBXBuildFile; fileRef = 00BE61F2187A7D6E001537B8 /* InfoPlist.strings */; };
		00BE61F6187A7D6E001537B8 /* Ex153_ex8Tests.m in Sources */ = {isa = PBXBuildFile; fileRef = 00BE61F5187A7D6E001537B8 /* Ex153_ex8Tests.m */; };
		00BE628A187A8C52001537B8 /* snsd0.png in Resources */ = {isa = PBXBuildFile; fileRef = 00BE6281187A8C52001537B8 /* snsd0.png */; };
		00BE628B187A8C52001537B8 /* snsd1.png in Resources */ = {isa = PBXBuildFile; fileRef = 00BE6282187A8C52001537B8 /* snsd1.png */; };
		00BE628C187A8C52001537B8 /* snsd2.png in Resources */ = {isa = PBXBuildFile; fileRef = 00BE6283187A8C52001537B8 /* snsd2.png */; };
		00BE628D187A8C52001537B8 /* snsd3.png in Resources */ = {isa = PBXBuildFile; fileRef = 00BE6284187A8C52001537B8 /* snsd3.png */; };
		00BE628E187A8C52001537B8 /* snsd4.png in Resources */ = {isa = PBXBuildFile; fileRef = 00BE6285187A8C52001537B8 /* snsd4.png */; };
		00BE628F187A8C52001537B8 /* snsd5.png in Resources */ = {isa = PBXBuildFile; fileRef = 00BE6286187A8C52001537B8 /* snsd5.png */; };
		00BE6290187A8C52001537B8 /* snsd6.png in Resources */ = {isa = PBXBuildFile; fileRef = 00BE6287187A8C52001537B8 /* snsd6.png */; };
		00BE6291187A8C52001537B8 /* snsd7.png in Resources */ = {isa = PBXBuildFile; fileRef = 00BE6288187A8C52001537B8 /* snsd7.png */; };
		00BE6292187A8C52001537B8 /* snsd8.png in Resources */ = {isa = PBXBuildFile; fileRef = 00BE6289187A8C52001537B8 /* snsd8.png */; };
/* End PBXBuildFile section */

/* Begin PBXContainerItemProxy section */
		00BE61ED187A7D6E001537B8 /* PBXContainerItemProxy */ = {
			isa = PBXContainerItemProxy;
			containerPortal = 00BE61BF187A7D6E001537B8 /* Project object */;
			proxyType = 1;
			remoteGlobalIDString = 00BE61C6187A7D6E001537B8;
			remoteInfo = Ex153_ex8;
		};
/* End PBXContainerItemProxy section */

/* Begin PBXFileReference section */
		00BE61C7187A7D6E001537B8 /* Ex153_ex8.app */ = {isa = PBXFileReference; explicitFileType = wrapper.application; includeInIndex = 0; path = Ex153_ex8.app; sourceTree = BUILT_PRODUCTS_DIR; };
		00BE61CA187A7D6E001537B8 /* Foundation.framework */ = {isa = PBXFileReference; lastKnownFileType = wrapper.framework; name = Foundation.framework; path = System/Library/Frameworks/Foundation.framework; sourceTree = SDKROOT; };
		00BE61CC187A7D6E001537B8 /* CoreGraphics.framework */ = {isa = PBXFileReference; lastKnownFileType = wrapper.framework; name = CoreGraphics.framework; path = System/Library/Frameworks/CoreGraphics.framework; sourceTree = SDKROOT; };
		00BE61CE187A7D6E001537B8 /* UIKit.framework */ = {isa = PBXFileReference; lastKnownFileType = wrapper.framework; name = UIKit.framework; path = System/Library/Frameworks/UIKit.framework; sourceTree = SDKROOT; };
		00BE61D2187A7D6E001537B8 /* Ex153_ex8-Info.plist */ = {isa = PBXFileReference; lastKnownFileType = text.plist.xml; path = "Ex153_ex8-Info.plist"; sourceTree = "<group>"; };
		00BE61D4187A7D6E001537B8 /* en */ = {isa = PBXFileReference; lastKnownFileType = text.plist.strings; name = en; path = en.lproj/InfoPlist.strings; sourceTree = "<group>"; };
		00BE61D6187A7D6E001537B8 /* main.m */ = {isa = PBXFileReference; lastKnownFileType = sourcecode.c.objc; path = main.m; sourceTree = "<group>"; };
		00BE61D8187A7D6E001537B8 /* Ex153_ex8-Prefix.pch */ = {isa = PBXFileReference; lastKnownFileType = sourcecode.c.h; path = "Ex153_ex8-Prefix.pch"; sourceTree = "<group>"; };
		00BE61D9187A7D6E001537B8 /* AppDelegate.h */ = {isa = PBXFileReference; lastKnownFileType = sourcecode.c.h; path = AppDelegate.h; sourceTree = "<group>"; };
		00BE61DA187A7D6E001537B8 /* AppDelegate.m */ = {isa = PBXFileReference; lastKnownFileType = sourcecode.c.objc; path = AppDelegate.m; sourceTree = "<group>"; };
		00BE61DD187A7D6E001537B8 /* Base */ = {isa = PBXFileReference; lastKnownFileType = file.storyboard; name = Base; path = Base.lproj/Main.storyboard; sourceTree = "<group>"; };
		00BE61DF187A7D6E001537B8 /* ViewController.h */ = {isa = PBXFileReference; lastKnownFileType = sourcecode.c.h; path = ViewController.h; sourceTree = "<group>"; };
		00BE61E0187A7D6E001537B8 /* ViewController.m */ = {isa = PBXFileReference; lastKnownFileType = sourcecode.c.objc; path = ViewController.m; sourceTree = "<group>"; };
		00BE61E2187A7D6E001537B8 /* Images.xcassets */ = {isa = PBXFileReference; lastKnownFileType = folder.assetcatalog; path = Images.xcassets; sourceTree = "<group>"; };
		00BE61E8187A7D6E001537B8 /* Ex153_ex8Tests.xctest */ = {isa = PBXFileReference; explicitFileType = wrapper.cfbundle; includeInIndex = 0; path = Ex153_ex8Tests.xctest; sourceTree = BUILT_PRODUCTS_DIR; };
		00BE61E9187A7D6E001537B8 /* XCTest.framework */ = {isa = PBXFileReference; lastKnownFileType = wrapper.framework; name = XCTest.framework; path = Library/Frameworks/XCTest.framework; sourceTree = DEVELOPER_DIR; };
		00BE61F1187A7D6E001537B8 /* Ex153_ex8Tests-Info.plist */ = {isa = PBXFileReference; lastKnownFileType = text.plist.xml; path = "Ex153_ex8Tests-Info.plist"; sourceTree = "<group>"; };
		00BE61F3187A7D6E001537B8 /* en */ = {isa = PBXFileReference; lastKnownFileType = text.plist.strings; name = en; path = en.lproj/InfoPlist.strings; sourceTree = "<group>"; };
		00BE61F5187A7D6E001537B8 /* Ex153_ex8Tests.m */ = {isa = PBXFileReference; lastKnownFileType = sourcecode.c.objc; path = Ex153_ex8Tests.m; sourceTree = "<group>"; };
		00BE6281187A8C52001537B8 /* snsd0.png */ = {isa = PBXFileReference; lastKnownFileType = image.png; path = snsd0.png; sourceTree = "<group>"; };
		00BE6282187A8C52001537B8 /* snsd1.png */ = {isa = PBXFileReference; lastKnownFileType = image.png; path = snsd1.png; sourceTree = "<group>"; };
		00BE6283187A8C52001537B8 /* snsd2.png */ = {isa = PBXFileReference; lastKnownFileType = image.png; path = snsd2.png; sourceTree = "<group>"; };
		00BE6284187A8C52001537B8 /* snsd3.png */ = {isa = PBXFileReference; lastKnownFileType = image.png; path = snsd3.png; sourceTree = "<group>"; };
		00BE6285187A8C52001537B8 /* snsd4.png */ = {isa = PBXFileReference; lastKnownFileType = image.png; path = snsd4.png; sourceTree = "<group>"; };
		00BE6286187A8C52001537B8 /* snsd5.png */ = {isa = PBXFileReference; lastKnownFileType = image.png; path = snsd5.png; sourceTree = "<group>"; };
		00BE6287187A8C52001537B8 /* snsd6.png */ = {isa = PBXFileReference; lastKnownFileType = image.png; path = snsd6.png; sourceTree = "<group>"; };
		00BE6288187A8C52001537B8 /* snsd7.png */ = {isa = PBXFileReference; lastKnownFileType = image.png; path = snsd7.png; sourceTree = "<group>"; };
		00BE6289187A8C52001537B8 /* snsd8.png */ = {isa = PBXFileReference; lastKnownFileType = image.png; path = snsd8.png; sourceTree = "<group>"; };
/* End PBXFileReference section */

/* Begin PBXFrameworksBuildPhase section */
		00BE61C4187A7D6E001537B8 /* Frameworks */ = {
			isa = PBXFrameworksBuildPhase;
			buildActionMask = 2147483647;
			files = (
				00BE61CD187A7D6E001537B8 /* CoreGraphics.framework in Frameworks */,
				00BE61CF187A7D6E001537B8 /* UIKit.framework in Frameworks */,
				00BE61CB187A7D6E001537B8 /* Foundation.framework in Frameworks */,
			);
			runOnlyForDeploymentPostprocessing = 0;
		};
		00BE61E5187A7D6E001537B8 /* Frameworks */ = {
			isa = PBXFrameworksBuildPhase;
			buildActionMask = 2147483647;
			files = (
				00BE61EA187A7D6E001537B8 /* XCTest.framework in Frameworks */,
				00BE61EC187A7D6E001537B8 /* UIKit.framework in Frameworks */,
				00BE61EB187A7D6E001537B8 /* Foundation.framework in Frameworks */,
			);
			runOnlyForDeploymentPostprocessing = 0;
		};
/* End PBXFrameworksBuildPhase section */

/* Begin PBXGroup section */
		00BE61BE187A7D6E001537B8 = {
			isa = PBXGroup;
			children = (
				00BE61D0187A7D6E001537B8 /* Ex153_ex8 */,
				00BE61EF187A7D6E001537B8 /* Ex153_ex8Tests */,
				00BE61C9187A7D6E001537B8 /* Frameworks */,
				00BE61C8187A7D6E001537B8 /* Products */,
			);
			sourceTree = "<group>";
		};
		00BE61C8187A7D6E001537B8 /* Products */ = {
			isa = PBXGroup;
			children = (
				00BE61C7187A7D6E001537B8 /* Ex153_ex8.app */,
				00BE61E8187A7D6E001537B8 /* Ex153_ex8Tests.xctest */,
			);
			name = Products;
			sourceTree = "<group>";
		};
		00BE61C9187A7D6E001537B8 /* Frameworks */ = {
			isa = PBXGroup;
			children = (
				00BE61CA187A7D6E001537B8 /* Foundation.framework */,
				00BE61CC187A7D6E001537B8 /* CoreGraphics.framework */,
				00BE61CE187A7D6E001537B8 /* UIKit.framework */,
				00BE61E9187A7D6E001537B8 /* XCTest.framework */,
			);
			name = Frameworks;
			sourceTree = "<group>";
		};
		00BE61D0187A7D6E001537B8 /* Ex153_ex8 */ = {
			isa = PBXGroup;
			children = (
				00BE6281187A8C52001537B8 /* snsd0.png */,
				00BE6282187A8C52001537B8 /* snsd1.png */,
				00BE6283187A8C52001537B8 /* snsd2.png */,
				00BE6284187A8C52001537B8 /* snsd3.png */,
				00BE6285187A8C52001537B8 /* snsd4.png */,
				00BE6286187A8C52001537B8 /* snsd5.png */,
				00BE6287187A8C52001537B8 /* snsd6.png */,
				00BE6288187A8C52001537B8 /* snsd7.png */,
				00BE6289187A8C52001537B8 /* snsd8.png */,
				00BE61D9187A7D6E001537B8 /* AppDelegate.h */,
				00BE61DA187A7D6E001537B8 /* AppDelegate.m */,
				00BE61DC187A7D6E001537B8 /* Main.storyboard */,
				00BE61DF187A7D6E001537B8 /* ViewController.h */,
				00BE61E0187A7D6E001537B8 /* ViewController.m */,
				00BE61E2187A7D6E001537B8 /* Images.xcassets */,
				00BE61D1187A7D6E001537B8 /* Supporting Files */,
			);
			path = Ex153_ex8;
			sourceTree = "<group>";
		};
		00BE61D1187A7D6E001537B8 /* Supporting Files */ = {
			isa = PBXGroup;
			children = (
				00BE61D2187A7D6E001537B8 /* Ex153_ex8-Info.plist */,
				00BE61D3187A7D6E001537B8 /* InfoPlist.strings */,
				00BE61D6187A7D6E001537B8 /* main.m */,
				00BE61D8187A7D6E001537B8 /* Ex153_ex8-Prefix.pch */,
			);
			name = "Supporting Files";
			sourceTree = "<group>";
		};
		00BE61EF187A7D6E001537B8 /* Ex153_ex8Tests */ = {
			isa = PBXGroup;
			children = (
				00BE61F5187A7D6E001537B8 /* Ex153_ex8Tests.m */,
				00BE61F0187A7D6E001537B8 /* Supporting Files */,
			);
			path = Ex153_ex8Tests;
			sourceTree = "<group>";
		};
		00BE61F0187A7D6E001537B8 /* Supporting Files */ = {
			isa = PBXGroup;
			children = (
				00BE61F1187A7D6E001537B8 /* Ex153_ex8Tests-Info.plist */,
				00BE61F2187A7D6E001537B8 /* InfoPlist.strings */,
			);
			name = "Supporting Files";
			sourceTree = "<group>";
		};
/* End PBXGroup section */

/* Begin PBXNativeTarget section */
		00BE61C6187A7D6E001537B8 /* Ex153_ex8 */ = {
			isa = PBXNativeTarget;
			buildConfigurationList = 00BE61F9187A7D6E001537B8 /* Build configuration list for PBXNativeTarget "Ex153_ex8" */;
			buildPhases = (
				00BE61C3187A7D6E001537B8 /* Sources */,
				00BE61C4187A7D6E001537B8 /* Frameworks */,
				00BE61C5187A7D6E001537B8 /* Resources */,
			);
			buildRules = (
			);
			dependencies = (
			);
			name = Ex153_ex8;
			productName = Ex153_ex8;
			productReference = 00BE61C7187A7D6E001537B8 /* Ex153_ex8.app */;
			productType = "com.apple.product-type.application";
		};
		00BE61E7187A7D6E001537B8 /* Ex153_ex8Tests */ = {
			isa = PBXNativeTarget;
			buildConfigurationList = 00BE61FC187A7D6E001537B8 /* Build configuration list for PBXNativeTarget "Ex153_ex8Tests" */;
			buildPhases = (
				00BE61E4187A7D6E001537B8 /* Sources */,
				00BE61E5187A7D6E001537B8 /* Frameworks */,
				00BE61E6187A7D6E001537B8 /* Resources */,
			);
			buildRules = (
			);
			dependencies = (
				00BE61EE187A7D6E001537B8 /* PBXTargetDependency */,
			);
			name = Ex153_ex8Tests;
			productName = Ex153_ex8Tests;
			productReference = 00BE61E8187A7D6E001537B8 /* Ex153_ex8Tests.xctest */;
			productType = "com.apple.product-type.bundle.unit-test";
		};
/* End PBXNativeTarget section */

/* Begin PBXProject section */
		00BE61BF187A7D6E001537B8 /* Project object */ = {
			isa = PBXProject;
			attributes = {
				LastUpgradeCheck = 0500;
				ORGANIZATIONNAME = "SDT-1";
				TargetAttributes = {
					00BE61E7187A7D6E001537B8 = {
						TestTargetID = 00BE61C6187A7D6E001537B8;
					};
				};
			};
			buildConfigurationList = 00BE61C2187A7D6E001537B8 /* Build configuration list for PBXProject "Ex153_ex8" */;
			compatibilityVersion = "Xcode 3.2";
			developmentRegion = English;
			hasScannedForEncodings = 0;
			knownRegions = (
				en,
				Base,
			);
			mainGroup = 00BE61BE187A7D6E001537B8;
			productRefGroup = 00BE61C8187A7D6E001537B8 /* Products */;
			projectDirPath = "";
			projectRoot = "";
			targets = (
				00BE61C6187A7D6E001537B8 /* Ex153_ex8 */,
				00BE61E7187A7D6E001537B8 /* Ex153_ex8Tests */,
			);
		};
/* End PBXProject section */

/* Begin PBXResourcesBuildPhase section */
		00BE61C5187A7D6E001537B8 /* Resources */ = {
			isa = PBXResourcesBuildPhase;
			buildActionMask = 2147483647;
			files = (
				00BE628E187A8C52001537B8 /* snsd4.png in Resources */,
				00BE628F187A8C52001537B8 /* snsd5.png in Resources */,
				00BE628A187A8C52001537B8 /* snsd0.png in Resources */,
				00BE628D187A8C52001537B8 /* snsd3.png in Resources */,
				00BE6292187A8C52001537B8 /* snsd8.png in Resources */,
				00BE628B187A8C52001537B8 /* snsd1.png in Resources */,
				00BE61E3187A7D6E001537B8 /* Images.xcassets in Resources */,
				00BE6291187A8C52001537B8 /* snsd7.png in Resources */,
				00BE6290187A8C52001537B8 /* snsd6.png in Resources */,
				00BE61D5187A7D6E001537B8 /* InfoPlist.strings in Resources */,
				00BE628C187A8C52001537B8 /* snsd2.png in Resources */,
				00BE61DE187A7D6E001537B8 /* Main.storyboard in Resources */,
			);
			runOnlyForDeploymentPostprocessing = 0;
		};
		00BE61E6187A7D6E001537B8 /* Resources */ = {
			isa = PBXResourcesBuildPhase;
			buildActionMask = 2147483647;
			files = (
				00BE61F4187A7D6E001537B8 /* InfoPlist.strings in Resources */,
			);
			runOnlyForDeploymentPostprocessing = 0;
		};
/* End PBXResourcesBuildPhase section */

/* Begin PBXSourcesBuildPhase section */
		00BE61C3187A7D6E001537B8 /* Sources */ = {
			isa = PBXSourcesBuildPhase;
			buildActionMask = 2147483647;
			files = (
				00BE61E1187A7D6E001537B8 /* ViewController.m in Sources */,
				00BE61DB187A7D6E001537B8 /* AppDelegate.m in Sources */,
				00BE61D7187A7D6E001537B8 /* main.m in Sources */,
			);
			runOnlyForDeploymentPostprocessing = 0;
		};
		00BE61E4187A7D6E001537B8 /* Sources */ = {
			isa = PBXSourcesBuildPhase;
			buildActionMask = 2147483647;
			files = (
				00BE61F6187A7D6E001537B8 /* Ex153_ex8Tests.m in Sources */,
			);
			runOnlyForDeploymentPostprocessing = 0;
		};
/* End PBXSourcesBuildPhase section */

/* Begin PBXTargetDependency section */
		00BE61EE187A7D6E001537B8 /* PBXTargetDependency */ = {
			isa = PBXTargetDependency;
			target = 00BE61C6187A7D6E001537B8 /* Ex153_ex8 */;
			targetProxy = 00BE61ED187A7D6E001537B8 /* PBXContainerItemProxy */;
		};
/* End PBXTargetDependency section */

/* Begin PBXVariantGroup section */
		00BE61D3187A7D6E001537B8 /* InfoPlist.strings */ = {
			isa = PBXVariantGroup;
			children = (
				00BE61D4187A7D6E001537B8 /* en */,
			);
			name = InfoPlist.strings;
			sourceTree = "<group>";
		};
		00BE61DC187A7D6E001537B8 /* Main.storyboard */ = {
			isa = PBXVariantGroup;
			children = (
				00BE61DD187A7D6E001537B8 /* Base */,
			);
			name = Main.storyboard;
			sourceTree = "<group>";
		};
		00BE61F2187A7D6E001537B8 /* InfoPlist.strings */ = {
			isa = PBXVariantGroup;
			children = (
				00BE61F3187A7D6E001537B8 /* en */,
			);
			name = InfoPlist.strings;
			sourceTree = "<group>";
		};
/* End PBXVariantGroup section */

/* Begin XCBuildConfiguration section */
		00BE61F7187A7D6E001537B8 /* Debug */ = {
			isa = XCBuildConfiguration;
			buildSettings = {
				ALWAYS_SEARCH_USER_PATHS = NO;
				ARCHS = "$(ARCHS_STANDARD_INCLUDING_64_BIT)";
				CLANG_CXX_LANGUAGE_STANDARD = "gnu++0x";
				CLANG_CXX_LIBRARY = "libc++";
				CLANG_ENABLE_MODULES = YES;
				CLANG_ENABLE_OBJC_ARC = YES;
				CLANG_WARN_BOOL_CONVERSION = YES;
				CLANG_WARN_CONSTANT_CONVERSION = YES;
				CLANG_WARN_DIRECT_OBJC_ISA_USAGE = YES_ERROR;
				CLANG_WARN_EMPTY_BODY = YES;
				CLANG_WARN_ENUM_CONVERSION = YES;
				CLANG_WARN_INT_CONVERSION = YES;
				CLANG_WARN_OBJC_ROOT_CLASS = YES_ERROR;
				CLANG_WARN__DUPLICATE_METHOD_MATCH = YES;
				"CODE_SIGN_IDENTITY[sdk=iphoneos*]" = "iPhone Developer";
				COPY_PHASE_STRIP = NO;
				GCC_C_LANGUAGE_STANDARD = gnu99;
				GCC_DYNAMIC_NO_PIC = NO;
				GCC_OPTIMIZATION_LEVEL = 0;
				GCC_PREPROCESSOR_DEFINITIONS = (
					"DEBUG=1",
					"$(inherited)",
				);
				GCC_SYMBOLS_PRIVATE_EXTERN = NO;
				GCC_WARN_64_TO_32_BIT_CONVERSION = YES;
				GCC_WARN_ABOUT_RETURN_TYPE = YES_ERROR;
				GCC_WARN_UNDECLARED_SELECTOR = YES;
				GCC_WARN_UNINITIALIZED_AUTOS = YES;
				GCC_WARN_UNUSED_FUNCTION = YES;
				GCC_WARN_UNUSED_VARIABLE = YES;
				IPHONEOS_DEPLOYMENT_TARGET = 7.0;
				ONLY_ACTIVE_ARCH = YES;
				SDKROOT = iphoneos;
			};
			name = Debug;
		};
		00BE61F8187A7D6E001537B8 /* Release */ = {
			isa = XCBuildConfiguration;
			buildSettings = {
				ALWAYS_SEARCH_USER_PATHS = NO;
				ARCHS = "$(ARCHS_STANDARD_INCLUDING_64_BIT)";
				CLANG_CXX_LANGUAGE_STANDARD = "gnu++0x";
				CLANG_CXX_LIBRARY = "libc++";
				CLANG_ENABLE_MODULES = YES;
				CLANG_ENABLE_OBJC_ARC = YES;
				CLANG_WARN_BOOL_CONVERSION = YES;
				CLANG_WARN_CONSTANT_CONVERSION = YES;
				CLANG_WARN_DIRECT_OBJC_ISA_USAGE = YES_ERROR;
				CLANG_WARN_EMPTY_BODY = YES;
				CLANG_WARN_ENUM_CONVERSION = YES;
				CLANG_WARN_INT_CONVERSION = YES;
				CLANG_WARN_OBJC_ROOT_CLASS = YES_ERROR;
				CLANG_WARN__DUPLICATE_METHOD_MATCH = YES;
				"CODE_SIGN_IDENTITY[sdk=iphoneos*]" = "iPhone Developer";
				COPY_PHASE_STRIP = YES;
				ENABLE_NS_ASSERTIONS = NO;
				GCC_C_LANGUAGE_STANDARD = gnu99;
				GCC_WARN_64_TO_32_BIT_CONVERSION = YES;
				GCC_WARN_ABOUT_RETURN_TYPE = YES_ERROR;
				GCC_WARN_UNDECLARED_SELECTOR = YES;
				GCC_WARN_UNINITIALIZED_AUTOS = YES;
				GCC_WARN_UNUSED_FUNCTION = YES;
				GCC_WARN_UNUSED_VARIABLE = YES;
				IPHONEOS_DEPLOYMENT_TARGET = 7.0;
				SDKROOT = iphoneos;
				VALIDATE_PRODUCT = YES;
			};
			name = Release;
		};
		00BE61FA187A7D6E001537B8 /* Debug */ = {
			isa = XCBuildConfiguration;
			buildSettings = {
				ASSETCATALOG_COMPILER_APPICON_NAME = AppIcon;
				ASSETCATALOG_COMPILER_LAUNCHIMAGE_NAME = LaunchImage;
				GCC_PRECOMPILE_PREFIX_HEADER = YES;
				GCC_PREFIX_HEADER = "Ex153_ex8/Ex153_ex8-Prefix.pch";
				INFOPLIST_FILE = "Ex153_ex8/Ex153_ex8-Info.plist";
				PRODUCT_NAME = "$(TARGET_NAME)";
				WRAPPER_EXTENSION = app;
			};
			name = Debug;
		};
		00BE61FB187A7D6E001537B8 /* Release */ = {
			isa = XCBuildConfiguration;
			buildSettings = {
				ASSETCATALOG_COMPILER_APPICON_NAME = AppIcon;
				ASSETCATALOG_COMPILER_LAUNCHIMAGE_NAME = LaunchImage;
				GCC_PRECOMPILE_PREFIX_HEADER = YES;
				GCC_PREFIX_HEADER = "Ex153_ex8/Ex153_ex8-Prefix.pch";
				INFOPLIST_FILE = "Ex153_ex8/Ex153_ex8-Info.plist";
				PRODUCT_NAME = "$(TARGET_NAME)";
				WRAPPER_EXTENSION = app;
			};
			name = Release;
		};
		00BE61FD187A7D6E001537B8 /* Debug */ = {
			isa = XCBuildConfiguration;
			buildSettings = {
				ARCHS = "$(ARCHS_STANDARD_INCLUDING_64_BIT)";
				BUNDLE_LOADER = "$(BUILT_PRODUCTS_DIR)/Ex153_ex8.app/Ex153_ex8";
				FRAMEWORK_SEARCH_PATHS = (
					"$(SDKROOT)/Developer/Library/Frameworks",
					"$(inherited)",
					"$(DEVELOPER_FRAMEWORKS_DIR)",
				);
				GCC_PRECOMPILE_PREFIX_HEADER = YES;
				GCC_PREFIX_HEADER = "Ex153_ex8/Ex153_ex8-Prefix.pch";
				GCC_PREPROCESSOR_DEFINITIONS = (
					"DEBUG=1",
					"$(inherited)",
				);
				INFOPLIST_FILE = "Ex153_ex8Tests/Ex153_ex8Tests-Info.plist";
				PRODUCT_NAME = "$(TARGET_NAME)";
				TEST_HOST = "$(BUNDLE_LOADER)";
				WRAPPER_EXTENSION = xctest;
			};
			name = Debug;
		};
		00BE61FE187A7D6E001537B8 /* Release */ = {
			isa = XCBuildConfiguration;
			buildSettings = {
				ARCHS = "$(ARCHS_STANDARD_INCLUDING_64_BIT)";
				BUNDLE_LOADER = "$(BUILT_PRODUCTS_DIR)/Ex153_ex8.app/Ex153_ex8";
				FRAMEWORK_SEARCH_PATHS = (
					"$(SDKROOT)/Developer/Library/Frameworks",
					"$(inherited)",
					"$(DEVELOPER_FRAMEWORKS_DIR)",
				);
				GCC_PRECOMPILE_PREFIX_HEADER = YES;
				GCC_PREFIX_HEADER = "Ex153_ex8/Ex153_ex8-Prefix.pch";
				INFOPLIST_FILE = "Ex153_ex8Tests/Ex153_ex8Tests-Info.plist";
				PRODUCT_NAME = "$(TARGET_NAME)";
				TEST_HOST = "$(BUNDLE_LOADER)";
				WRAPPER_EXTENSION = xctest;
			};
			name = Release;
		};
/* End XCBuildConfiguration section */

/* Begin XCConfigurationList section */
		00BE61C2187A7D6E001537B8 /* Build configuration list for PBXProject "Ex153_ex8" */ = {
			isa = XCConfigurationList;
			buildConfigurations = (
				00BE61F7187A7D6E001537B8 /* Debug */,
				00BE61F8187A7D6E001537B8 /* Release */,
			);
			defaultConfigurationIsVisible = 0;
			defaultConfigurationName = Release;
		};
		00BE61F9187A7D6E001537B8 /* Build configuration list for PBXNativeTarget "Ex153_ex8" */ = {
			isa = XCConfigurationList;
			buildConfigurations = (
				00BE61FA187A7D6E001537B8 /* Debug */,
				00BE61FB187A7D6E001537B8 /* Release */,
			);
			defaultConfigurationIsVisible = 0;
		};
		00BE61FC187A7D6E001537B8 /* Build configuration list for PBXNativeTarget "Ex153_ex8Tests" */ = {
			isa = XCConfigurationList;
			buildConfigurations = (
				00BE61FD187A7D6E001537B8 /* Debug */,
				00BE61FE187A7D6E001537B8 /* Release */,
			);
			defaultConfigurationIsVisible = 0;
		};
/* End XCConfigurationList section */
	};
	rootObject = 00BE61BF187A7D6E001537B8 /* Project object */;
}
